
Microsoft Visual Studio Solution File, Format Version 12.00
# Visual Studio Version 17
VisualStudioVersion = 17.0.32014.148
MinimumVisualStudioVersion = 10.0.40219.1
Project("{FAE04EC0-301F-11D3-BF4B-00C04F79EFBC}") = "DotNetFramworkLibrary", "DotNetFramworkLibrary\DotNetFramworkLibrary.csproj", "{52835C4E-79B3-4B27-BD1D-298A215742DD}"
EndProject
Project("{9A19103F-16F7-4668-BE54-9A1E7A4F7556}") = "AutoELM327", "AutoELM327\AutoELM327.csproj", "{04D51E4C-E8A1-42CF-9B50-A399465DB436}"
EndProject
Project("{9A19103F-16F7-4668-BE54-9A1E7A4F7556}") = "vocom1210", "vocom1210\vocom1210.csproj", "{2E1970F9-3DD6-4F7C-8581-3C96817497E2}"
EndProject
Project("{FAE04EC0-301F-11D3-BF4B-00C04F79EFBC}") = "APDiagnosticAndroid", "Bajaj\APDiagnosticAndroid\APDiagnosticAndroid.csproj", "{BAC7EBFA-DF1B-489E-9E45-DF84913AF08B}"
EndProject
Project("{FAE04EC0-301F-11D3-BF4B-00C04F79EFBC}") = "APDongleCommAndroid", "Bajaj\APDongleCommAndroid\APDongleCommAndroid.csproj", "{567F052F-F57C-43C5-A0CF-F489C402C628}"
EndProject
Project("{9A19103F-16F7-4668-BE54-9A1E7A4F7556}") = "ECUSeedkeyPCL", "Bajaj\ECUSeedkeyPCL\ECUSeedkeyPCL.csproj", "{B0369515-A86B-49ED-986A-80CF39E7D3B8}"
EndProject
Project("{9A19103F-16F7-4668-BE54-9A1E7A4F7556}") = "MultiEventControllerElement", "Bajaj\MultiEventControllerElement\MultiEventControllerElement.csproj", "{F7A7382D-819D-4C89-8485-9F6972C4BE3D}"
EndProject
Project("{9A19103F-16F7-4668-BE54-9A1E7A4F7556}") = "Bajaj", "Bajaj\Bajaj\Bajaj.csproj", "{A7216BB0-9734-4465-8290-E24014D0594B}"
EndProject
Project("{FAE04EC0-301F-11D3-BF4B-00C04F79EFBC}") = "Bajaj.Android", "Bajaj\Bajaj.Android\Bajaj.Android.csproj", "{2441D949-62D2-49AB-B580-820C78F46ED3}"
EndProject
Global
	GlobalSection(SolutionConfigurationPlatforms) = preSolution
		Debug|Any CPU = Debug|Any CPU
		Debug|x64 = Debug|x64
		Debug|x86 = Debug|x86
		Release|Any CPU = Release|Any CPU
		Release|x64 = Release|x64
		Release|x86 = Release|x86
	EndGlobalSection
	GlobalSection(ProjectConfigurationPlatforms) = postSolution
		{52835C4E-79B3-4B27-BD1D-298A215742DD}.Debug|Any CPU.ActiveCfg = Debug|Any CPU
		{52835C4E-79B3-4B27-BD1D-298A215742DD}.Debug|Any CPU.Build.0 = Debug|Any CPU
		{52835C4E-79B3-4B27-BD1D-298A215742DD}.Debug|x64.ActiveCfg = Debug|Any CPU
		{52835C4E-79B3-4B27-BD1D-298A215742DD}.Debug|x64.Build.0 = Debug|Any CPU
		{52835C4E-79B3-4B27-BD1D-298A215742DD}.Debug|x86.ActiveCfg = Debug|Any CPU
		{52835C4E-79B3-4B27-BD1D-298A215742DD}.Debug|x86.Build.0 = Debug|Any CPU
		{52835C4E-79B3-4B27-BD1D-298A215742DD}.Release|Any CPU.ActiveCfg = Release|Any CPU
		{52835C4E-79B3-4B27-BD1D-298A215742DD}.Release|Any CPU.Build.0 = Release|Any CPU
		{52835C4E-79B3-4B27-BD1D-298A215742DD}.Release|x64.ActiveCfg = Release|Any CPU
		{52835C4E-79B3-4B27-BD1D-298A215742DD}.Release|x64.Build.0 = Release|Any CPU
		{52835C4E-79B3-4B27-BD1D-298A215742DD}.Release|x86.ActiveCfg = Release|Any CPU
		{52835C4E-79B3-4B27-BD1D-298A215742DD}.Release|x86.Build.0 = Release|Any CPU
		{04D51E4C-E8A1-42CF-9B50-A399465DB436}.Debug|Any CPU.ActiveCfg = Debug|Any CPU
		{04D51E4C-E8A1-42CF-9B50-A399465DB436}.Debug|Any CPU.Build.0 = Debug|Any CPU
		{04D51E4C-E8A1-42CF-9B50-A399465DB436}.Debug|x64.ActiveCfg = Debug|Any CPU
		{04D51E4C-E8A1-42CF-9B50-A399465DB436}.Debug|x64.Build.0 = Debug|Any CPU
		{04D51E4C-E8A1-42CF-9B50-A399465DB436}.Debug|x86.ActiveCfg = Debug|Any CPU
		{04D51E4C-E8A1-42CF-9B50-A399465DB436}.Debug|x86.Build.0 = Debug|Any CPU
		{04D51E4C-E8A1-42CF-9B50-A399465DB436}.Release|Any CPU.ActiveCfg = Release|Any CPU
		{04D51E4C-E8A1-42CF-9B50-A399465DB436}.Release|Any CPU.Build.0 = Release|Any CPU
		{04D51E4C-E8A1-42CF-9B50-A399465DB436}.Release|x64.ActiveCfg = Release|Any CPU
		{04D51E4C-E8A1-42CF-9B50-A399465DB436}.Release|x64.Build.0 = Release|Any CPU
		{04D51E4C-E8A1-42CF-9B50-A399465DB436}.Release|x86.ActiveCfg = Release|Any CPU
		{04D51E4C-E8A1-42CF-9B50-A399465DB436}.Release|x86.Build.0 = Release|Any CPU
		{2E1970F9-3DD6-4F7C-8581-3C96817497E2}.Debug|Any CPU.ActiveCfg = Debug|Any CPU
		{2E1970F9-3DD6-4F7C-8581-3C96817497E2}.Debug|Any CPU.Build.0 = Debug|Any CPU
		{2E1970F9-3DD6-4F7C-8581-3C96817497E2}.Debug|x64.ActiveCfg = Debug|Any CPU
		{2E1970F9-3DD6-4F7C-8581-3C96817497E2}.Debug|x64.Build.0 = Debug|Any CPU
		{2E1970F9-3DD6-4F7C-8581-3C96817497E2}.Debug|x86.ActiveCfg = Debug|Any CPU
		{2E1970F9-3DD6-4F7C-8581-3C96817497E2}.Debug|x86.Build.0 = Debug|Any CPU
		{2E1970F9-3DD6-4F7C-8581-3C96817497E2}.Release|Any CPU.ActiveCfg = Release|Any CPU
		{2E1970F9-3DD6-4F7C-8581-3C96817497E2}.Release|Any CPU.Build.0 = Release|Any CPU
		{2E1970F9-3DD6-4F7C-8581-3C96817497E2}.Release|x64.ActiveCfg = Release|Any CPU
		{2E1970F9-3DD6-4F7C-8581-3C96817497E2}.Release|x64.Build.0 = Release|Any CPU
		{2E1970F9-3DD6-4F7C-8581-3C96817497E2}.Release|x86.ActiveCfg = Release|Any CPU
		{2E1970F9-3DD6-4F7C-8581-3C96817497E2}.Release|x86.Build.0 = Release|Any CPU
		{BAC7EBFA-DF1B-489E-9E45-DF84913AF08B}.Debug|Any CPU.ActiveCfg = Debug|Any CPU
		{BAC7EBFA-DF1B-489E-9E45-DF84913AF08B}.Debug|Any CPU.Build.0 = Debug|Any CPU
		{BAC7EBFA-DF1B-489E-9E45-DF84913AF08B}.Debug|x64.ActiveCfg = Debug|Any CPU
		{BAC7EBFA-DF1B-489E-9E45-DF84913AF08B}.Debug|x64.Build.0 = Debug|Any CPU
		{BAC7EBFA-DF1B-489E-9E45-DF84913AF08B}.Debug|x86.ActiveCfg = Debug|x86
		{BAC7EBFA-DF1B-489E-9E45-DF84913AF08B}.Debug|x86.Build.0 = Debug|x86
		{BAC7EBFA-DF1B-489E-9E45-DF84913AF08B}.Release|Any CPU.ActiveCfg = Release|Any CPU
		{BAC7EBFA-DF1B-489E-9E45-DF84913AF08B}.Release|Any CPU.Build.0 = Release|Any CPU
		{BAC7EBFA-DF1B-489E-9E45-DF84913AF08B}.Release|x64.ActiveCfg = Release|Any CPU
		{BAC7EBFA-DF1B-489E-9E45-DF84913AF08B}.Release|x64.Build.0 = Release|Any CPU
		{BAC7EBFA-DF1B-489E-9E45-DF84913AF08B}.Release|x86.ActiveCfg = Release|x86
		{BAC7EBFA-DF1B-489E-9E45-DF84913AF08B}.Release|x86.Build.0 = Release|x86
		{567F052F-F57C-43C5-A0CF-F489C402C628}.Debug|Any CPU.ActiveCfg = Debug|Any CPU
		{567F052F-F57C-43C5-A0CF-F489C402C628}.Debug|Any CPU.Build.0 = Debug|Any CPU
		{567F052F-F57C-43C5-A0CF-F489C402C628}.Debug|x64.ActiveCfg = Debug|Any CPU
		{567F052F-F57C-43C5-A0CF-F489C402C628}.Debug|x64.Build.0 = Debug|Any CPU
		{567F052F-F57C-43C5-A0CF-F489C402C628}.Debug|x86.ActiveCfg = Debug|x86
		{567F052F-F57C-43C5-A0CF-F489C402C628}.Debug|x86.Build.0 = Debug|x86
		{567F052F-F57C-43C5-A0CF-F489C402C628}.Release|Any CPU.ActiveCfg = Release|Any CPU
		{567F052F-F57C-43C5-A0CF-F489C402C628}.Release|Any CPU.Build.0 = Release|Any CPU
		{567F052F-F57C-43C5-A0CF-F489C402C628}.Release|x64.ActiveCfg = Release|Any CPU
		{567F052F-F57C-43C5-A0CF-F489C402C628}.Release|x64.Build.0 = Release|Any CPU
		{567F052F-F57C-43C5-A0CF-F489C402C628}.Release|x86.ActiveCfg = Release|x86
		{567F052F-F57C-43C5-A0CF-F489C402C628}.Release|x86.Build.0 = Release|x86
		{B0369515-A86B-49ED-986A-80CF39E7D3B8}.Debug|Any CPU.ActiveCfg = Debug|Any CPU
		{B0369515-A86B-49ED-986A-80CF39E7D3B8}.Debug|Any CPU.Build.0 = Debug|Any CPU
		{B0369515-A86B-49ED-986A-80CF39E7D3B8}.Debug|x64.ActiveCfg = Debug|Any CPU
		{B0369515-A86B-49ED-986A-80CF39E7D3B8}.Debug|x64.Build.0 = Debug|Any CPU
		{B0369515-A86B-49ED-986A-80CF39E7D3B8}.Debug|x86.ActiveCfg = Debug|x86
		{B0369515-A86B-49ED-986A-80CF39E7D3B8}.Debug|x86.Build.0 = Debug|x86
		{B0369515-A86B-49ED-986A-80CF39E7D3B8}.Release|Any CPU.ActiveCfg = Release|Any CPU
		{B0369515-A86B-49ED-986A-80CF39E7D3B8}.Release|Any CPU.Build.0 = Release|Any CPU
		{B0369515-A86B-49ED-986A-80CF39E7D3B8}.Release|x64.ActiveCfg = Release|Any CPU
		{B0369515-A86B-49ED-986A-80CF39E7D3B8}.Release|x64.Build.0 = Release|Any CPU
		{B0369515-A86B-49ED-986A-80CF39E7D3B8}.Release|x86.ActiveCfg = Release|x86
		{B0369515-A86B-49ED-986A-80CF39E7D3B8}.Release|x86.Build.0 = Release|x86
		{F7A7382D-819D-4C89-8485-9F6972C4BE3D}.Debug|Any CPU.ActiveCfg = Debug|Any CPU
		{F7A7382D-819D-4C89-8485-9F6972C4BE3D}.Debug|Any CPU.Build.0 = Debug|Any CPU
		{F7A7382D-819D-4C89-8485-9F6972C4BE3D}.Debug|x64.ActiveCfg = Debug|Any CPU
		{F7A7382D-819D-4C89-8485-9F6972C4BE3D}.Debug|x64.Build.0 = Debug|Any CPU
		{F7A7382D-819D-4C89-8485-9F6972C4BE3D}.Debug|x86.ActiveCfg = Debug|x86
		{F7A7382D-819D-4C89-8485-9F6972C4BE3D}.Debug|x86.Build.0 = Debug|x86
		{F7A7382D-819D-4C89-8485-9F6972C4BE3D}.Release|Any CPU.ActiveCfg = Release|Any CPU
		{F7A7382D-819D-4C89-8485-9F6972C4BE3D}.Release|Any CPU.Build.0 = Release|Any CPU
		{F7A7382D-819D-4C89-8485-9F6972C4BE3D}.Release|x64.ActiveCfg = Release|Any CPU
		{F7A7382D-819D-4C89-8485-9F6972C4BE3D}.Release|x64.Build.0 = Release|Any CPU
		{F7A7382D-819D-4C89-8485-9F6972C4BE3D}.Release|x86.ActiveCfg = Release|x86
		{F7A7382D-819D-4C89-8485-9F6972C4BE3D}.Release|x86.Build.0 = Release|x86
		{A7216BB0-9734-4465-8290-E24014D0594B}.Debug|Any CPU.ActiveCfg = Debug|Any CPU
		{A7216BB0-9734-4465-8290-E24014D0594B}.Debug|Any CPU.Build.0 = Debug|Any CPU
		{A7216BB0-9734-4465-8290-E24014D0594B}.Debug|x64.ActiveCfg = Debug|Any CPU
		{A7216BB0-9734-4465-8290-E24014D0594B}.Debug|x64.Build.0 = Debug|Any CPU
		{A7216BB0-9734-4465-8290-E24014D0594B}.Debug|x86.ActiveCfg = Debug|x86
		{A7216BB0-9734-4465-8290-E24014D0594B}.Debug|x86.Build.0 = Debug|x86
		{A7216BB0-9734-4465-8290-E24014D0594B}.Release|Any CPU.ActiveCfg = Release|Any CPU
		{A7216BB0-9734-4465-8290-E24014D0594B}.Release|Any CPU.Build.0 = Release|Any CPU
		{A7216BB0-9734-4465-8290-E24014D0594B}.Release|x64.ActiveCfg = Release|Any CPU
		{A7216BB0-9734-4465-8290-E24014D0594B}.Release|x64.Build.0 = Release|Any CPU
		{A7216BB0-9734-4465-8290-E24014D0594B}.Release|x86.ActiveCfg = Release|x86
		{A7216BB0-9734-4465-8290-E24014D0594B}.Release|x86.Build.0 = Release|x86
		{2441D949-62D2-49AB-B580-820C78F46ED3}.Debug|Any CPU.ActiveCfg = Debug|Any CPU
		{2441D949-62D2-49AB-B580-820C78F46ED3}.Debug|Any CPU.Build.0 = Debug|Any CPU
		{2441D949-62D2-49AB-B580-820C78F46ED3}.Debug|Any CPU.Deploy.0 = Debug|Any CPU
		{2441D949-62D2-49AB-B580-820C78F46ED3}.Debug|x64.ActiveCfg = Debug|Any CPU
		{2441D949-62D2-49AB-B580-820C78F46ED3}.Debug|x64.Build.0 = Debug|Any CPU
		{2441D949-62D2-49AB-B580-820C78F46ED3}.Debug|x64.Deploy.0 = Debug|Any CPU
		{2441D949-62D2-49AB-B580-820C78F46ED3}.Debug|x86.ActiveCfg = Debug|x86
		{2441D949-62D2-49AB-B580-820C78F46ED3}.Debug|x86.Build.0 = Debug|x86
		{2441D949-62D2-49AB-B580-820C78F46ED3}.Debug|x86.Deploy.0 = Debug|x86
		{2441D949-62D2-49AB-B580-820C78F46ED3}.Release|Any CPU.ActiveCfg = Release|Any CPU
		{2441D949-62D2-49AB-B580-820C78F46ED3}.Release|Any CPU.Build.0 = Release|Any CPU
		{2441D949-62D2-49AB-B580-820C78F46ED3}.Release|Any CPU.Deploy.0 = Release|Any CPU
		{2441D949-62D2-49AB-B580-820C78F46ED3}.Release|x64.ActiveCfg = Release|Any CPU
		{2441D949-62D2-49AB-B580-820C78F46ED3}.Release|x64.Build.0 = Release|Any CPU
		{2441D949-62D2-49AB-B580-820C78F46ED3}.Release|x64.Deploy.0 = Release|Any CPU
		{2441D949-62D2-49AB-B580-820C78F46ED3}.Release|x86.ActiveCfg = Release|x86
		{2441D949-62D2-49AB-B580-820C78F46ED3}.Release|x86.Build.0 = Release|x86
		{2441D949-62D2-49AB-B580-820C78F46ED3}.Release|x86.Deploy.0 = Release|x86
	EndGlobalSection
	GlobalSection(SolutionProperties) = preSolution
		HideSolutionNode = FALSE
	EndGlobalSection
	GlobalSection(ExtensibilityGlobals) = postSolution
		SolutionGuid = {5822B0F0-D3DA-46F2-AF01-A29FE2C835BB}
	EndGlobalSection
EndGlobal
